// !$*UTF8*$!
{
	archiveVersion = 1;
	classes = {
	};
	objectVersion = 54;
	objects = {

/* Begin PBXBuildFile section */
		4B0279A026787AD30078B18A /* UIColor+Mondrian.swift in Sources */ = {isa = PBXBuildFile; fileRef = 4B02799F26787AD30078B18A /* UIColor+Mondrian.swift */; };
		4B0279A2267880420078B18A /* OverlayBlock.swift in Sources */ = {isa = PBXBuildFile; fileRef = 4B0279A1267880420078B18A /* OverlayBlock.swift */; };
		4B0279A42678804A0078B18A /* BackgroundBlock.swift in Sources */ = {isa = PBXBuildFile; fileRef = 4B0279A32678804A0078B18A /* BackgroundBlock.swift */; };
		4B0941322677C02700E1997B /* ExampleView.swift in Sources */ = {isa = PBXBuildFile; fileRef = 4B0941312677C02700E1997B /* ExampleView.swift */; };
		4B0941332677C1F000E1997B /* Extensions.swift in Sources */ = {isa = PBXBuildFile; fileRef = 4B64B1BC26761BE900460282 /* Extensions.swift */; };
		4B1256BE267CA74700FE9612 /* Book.ViewController.swift in Sources */ = {isa = PBXBuildFile; fileRef = 4B1256BD267CA74700FE9612 /* Book.ViewController.swift */; };
		4B1F05D0267A6AD000A66CC7 /* HStackTests.swift in Sources */ = {isa = PBXBuildFile; fileRef = 4B1F05CF267A6AD000A66CC7 /* HStackTests.swift */; };
		4B1F05D2267A6D5B00A66CC7 /* InstagramPostView.swift in Sources */ = {isa = PBXBuildFile; fileRef = 4B1F05D1267A6D5B00A66CC7 /* InstagramPostView.swift */; };
		4B1F05D4267A6D9500A66CC7 /* Book.Mondrian.swift in Sources */ = {isa = PBXBuildFile; fileRef = 4B1F05D3267A6D9500A66CC7 /* Book.Mondrian.swift */; };
		4B30902A269824D7001AB89B /* Book.RelativeBlock.swift in Sources */ = {isa = PBXBuildFile; fileRef = 4B309029269824D7001AB89B /* Book.RelativeBlock.swift */; };
		4B384D8A2675CDA9001B0267 /* LayoutBuilderContext.swift in Sources */ = {isa = PBXBuildFile; fileRef = 4B384D892675CDA9001B0267 /* LayoutBuilderContext.swift */; };
		4B384D8E2675CF47001B0267 /* MondrianLayout.framework in Frameworks */ = {isa = PBXBuildFile; fileRef = 4B4057622675C501003B28A1 /* MondrianLayout.framework */; };
		4B384D8F2675CF47001B0267 /* MondrianLayout.framework in Embed Frameworks */ = {isa = PBXBuildFile; fileRef = 4B4057622675C501003B28A1 /* MondrianLayout.framework */; settings = {ATTRIBUTES = (CodeSignOnCopy, RemoveHeadersOnCopy, ); }; };
		4B3B0F72274E8F98001C9E6B /* LayoutManager.swift in Sources */ = {isa = PBXBuildFile; fileRef = 4B3B0F71274E8F98001C9E6B /* LayoutManager.swift */; };
		4B3B0F74274E9A3B001C9E6B /* Book.Manager.swift in Sources */ = {isa = PBXBuildFile; fileRef = 4B3B0F73274E9A3B001C9E6B /* Book.Manager.swift */; };
		4B4057732675C51E003B28A1 /* AppDelegate.swift in Sources */ = {isa = PBXBuildFile; fileRef = 4B4057722675C51E003B28A1 /* AppDelegate.swift */; };
		4B40577C2675C51F003B28A1 /* Assets.xcassets in Resources */ = {isa = PBXBuildFile; fileRef = 4B40577B2675C51F003B28A1 /* Assets.xcassets */; };
		4B40577F2675C51F003B28A1 /* LaunchScreen.storyboard in Resources */ = {isa = PBXBuildFile; fileRef = 4B40577D2675C51F003B28A1 /* LaunchScreen.storyboard */; };
		4B4693AF267915080079B761 /* StackingSpacer.swift in Sources */ = {isa = PBXBuildFile; fileRef = 4B4693AE267915080079B761 /* StackingSpacer.swift */; };
		4B4693B1267918C60079B761 /* VStackTests.swift in Sources */ = {isa = PBXBuildFile; fileRef = 4B4693B0267918C60079B761 /* VStackTests.swift */; };
		4B4693B326791FA90079B761 /* LayoutContainer.swift in Sources */ = {isa = PBXBuildFile; fileRef = 4B4693B226791FA90079B761 /* LayoutContainer.swift */; };
		4B47F6372678DC0000BDE2DB /* Book.Background.swift in Sources */ = {isa = PBXBuildFile; fileRef = 4B47F6362678DC0000BDE2DB /* Book.Background.swift */; };
		4B47F6392678DC4000BDE2DB /* Book.VStackBlock.swift in Sources */ = {isa = PBXBuildFile; fileRef = 4B47F6382678DC4000BDE2DB /* Book.VStackBlock.swift */; };
		4B47F63B2678DC6C00BDE2DB /* Book.HStackBlock.swift in Sources */ = {isa = PBXBuildFile; fileRef = 4B47F63A2678DC6C00BDE2DB /* Book.HStackBlock.swift */; };
		4B47F63D2678DCAC00BDE2DB /* Book.ZStackBlock.swift in Sources */ = {isa = PBXBuildFile; fileRef = 4B47F63C2678DCAC00BDE2DB /* Book.ZStackBlock.swift */; };
		4B47F63F2678E35400BDE2DB /* Book.Overlay.swift in Sources */ = {isa = PBXBuildFile; fileRef = 4B47F63E2678E35400BDE2DB /* Book.Overlay.swift */; };
		4B47F6412678E51200BDE2DB /* Edge.swift in Sources */ = {isa = PBXBuildFile; fileRef = 4B47F6402678E51200BDE2DB /* Edge.swift */; };
		4B47F6432679040600BDE2DB /* SwiftUIComparison.swift in Sources */ = {isa = PBXBuildFile; fileRef = 4B47F6422679040600BDE2DB /* SwiftUIComparison.swift */; };
		4B47F6452679095500BDE2DB /* OverlayTests.swift in Sources */ = {isa = PBXBuildFile; fileRef = 4B47F6442679095500BDE2DB /* OverlayTests.swift */; };
		4B47F6462679097A00BDE2DB /* UIColor+Mondrian.swift in Sources */ = {isa = PBXBuildFile; fileRef = 4B02799F26787AD30078B18A /* UIColor+Mondrian.swift */; };
		4B4CA90E26A3251300863217 /* Optimization.swift in Sources */ = {isa = PBXBuildFile; fileRef = 4B4CA90D26A3251300863217 /* Optimization.swift */; };
		4B5AF7BA2685195A008C51A1 /* RevealServer.xcframework in Frameworks */ = {isa = PBXBuildFile; fileRef = 4B64B1C026761E0300460282 /* RevealServer.xcframework */; };
		4B5AF7BB2685195A008C51A1 /* RevealServer.xcframework in Embed Frameworks */ = {isa = PBXBuildFile; fileRef = 4B64B1C026761E0300460282 /* RevealServer.xcframework */; settings = {ATTRIBUTES = (RemoveHeadersOnCopy, ); }; };
		4B64B1B02675D2AF00460282 /* Tests.swift in Sources */ = {isa = PBXBuildFile; fileRef = 4B64B1AF2675D2AF00460282 /* Tests.swift */; };
		4B64B1B22675D2AF00460282 /* MondrianLayout.framework in Frameworks */ = {isa = PBXBuildFile; fileRef = 4B4057622675C501003B28A1 /* MondrianLayout.framework */; };
		4B64B1B92675F7AB00460282 /* _LayoutElement.swift in Sources */ = {isa = PBXBuildFile; fileRef = 4B64B1B82675F7AB00460282 /* _LayoutElement.swift */; };
		4B64B1BB2675F98500460282 /* VHStackContentBuilder.swift in Sources */ = {isa = PBXBuildFile; fileRef = 4B64B1BA2675F98500460282 /* VHStackContentBuilder.swift */; };
		4B64B1BD26761BE900460282 /* Extensions.swift in Sources */ = {isa = PBXBuildFile; fileRef = 4B64B1BC26761BE900460282 /* Extensions.swift */; };
		4B64B1C526762A6F00460282 /* VStackBlock.swift in Sources */ = {isa = PBXBuildFile; fileRef = 4B64B1C426762A6F00460282 /* VStackBlock.swift */; };
		4B64B1C726762A8200460282 /* HStackBlock.swift in Sources */ = {isa = PBXBuildFile; fileRef = 4B64B1C626762A8200460282 /* HStackBlock.swift */; };
		4B64B1C926762C1400460282 /* UIView+Mondrian.swift in Sources */ = {isa = PBXBuildFile; fileRef = 4B64B1C826762C1400460282 /* UIView+Mondrian.swift */; };
		4B6ABDBA26937AD9003C1698 /* RelativeTests.swift in Sources */ = {isa = PBXBuildFile; fileRef = 4B6ABDB926937AD9003C1698 /* RelativeTests.swift */; };
		4B7382082679EBED00D77986 /* Book.SafeArea.swift in Sources */ = {isa = PBXBuildFile; fileRef = 4B7382072679EBED00D77986 /* Book.SafeArea.swift */; };
		4B73820A267A067700D77986 /* DimensionDescriptor.swift in Sources */ = {isa = PBXBuildFile; fileRef = 4B738209267A067700D77986 /* DimensionDescriptor.swift */; };
		4B73820C267A0D6900D77986 /* _LayoutBlockNode.swift in Sources */ = {isa = PBXBuildFile; fileRef = 4B73820B267A0D6900D77986 /* _LayoutBlockNode.swift */; };
		4B8A4834267F36F100609D3E /* Ne in Frameworks */ = {isa = PBXBuildFile; productRef = 4B8A4833267F36F100609D3E /* Ne */; };
		4B9B07E9267CF60000818A40 /* SyntaxTests.swift in Sources */ = {isa = PBXBuildFile; fileRef = 4B9B07E8267CF60000818A40 /* SyntaxTests.swift */; };
		4B9B07EB267E045600818A40 /* LayoutDescriptor.swift in Sources */ = {isa = PBXBuildFile; fileRef = 4B9B07EA267E045600818A40 /* LayoutDescriptor.swift */; };
		4B9B07F0267E532500818A40 /* MondrianArrayBuilder.swift in Sources */ = {isa = PBXBuildFile; fileRef = 4B9B07EF267E532500818A40 /* MondrianArrayBuilder.swift */; };
		4B9B07F2267E539000818A40 /* LayoutDescriptorTests.swift in Sources */ = {isa = PBXBuildFile; fileRef = 4B9B07F1267E539000818A40 /* LayoutDescriptorTests.swift */; };
		4B9B07F4267E586400818A40 /* Book.Classic.swift in Sources */ = {isa = PBXBuildFile; fileRef = 4B9B07F3267E586400818A40 /* Book.Classic.swift */; };
		4B9E1A1426762D6A00D1E1C9 /* ViewBlock.swift in Sources */ = {isa = PBXBuildFile; fileRef = 4B9E1A1326762D6A00D1E1C9 /* ViewBlock.swift */; };
		4B9E1A1626762FF200D1E1C9 /* NSLayoutConstraint+.swift in Sources */ = {isa = PBXBuildFile; fileRef = 4B9E1A1526762FF200D1E1C9 /* NSLayoutConstraint+.swift */; };
		4B9E1A182676323600D1E1C9 /* ZStackBlock.swift in Sources */ = {isa = PBXBuildFile; fileRef = 4B9E1A172676323600D1E1C9 /* ZStackBlock.swift */; };
		4B9E1A1C2676333C00D1E1C9 /* _LayoutBlockType.swift in Sources */ = {isa = PBXBuildFile; fileRef = 4B9E1A1B2676333C00D1E1C9 /* _LayoutBlockType.swift */; };
		4B9E1A1E26763D0200D1E1C9 /* RelativeBlock.swift in Sources */ = {isa = PBXBuildFile; fileRef = 4B9E1A1D26763D0200D1E1C9 /* RelativeBlock.swift */; };
		4BACE5D72768EFB700C32A09 /* VGridBlock.swift in Sources */ = {isa = PBXBuildFile; fileRef = 4BACE5D62768EFB700C32A09 /* VGridBlock.swift */; };
		4BACE5D92768F7BC00C32A09 /* Book.VGridBlock.swift in Sources */ = {isa = PBXBuildFile; fileRef = 4BACE5D82768F7BC00C32A09 /* Book.VGridBlock.swift */; };
		4BACE5DD276912CD00C32A09 /* VGridTests.swift in Sources */ = {isa = PBXBuildFile; fileRef = 4BACE5DC276912CD00C32A09 /* VGridTests.swift */; };
		4BAD3679268386FA00788518 /* MondrianNamespace.swift in Sources */ = {isa = PBXBuildFile; fileRef = 4BAD3678268386FA00788518 /* MondrianNamespace.swift */; };
		4BB75A29269035F400EA4F54 /* Utils.swift in Sources */ = {isa = PBXBuildFile; fileRef = 4BB75A28269035F400EA4F54 /* Utils.swift */; };
		4BBD72022769D47A00F1FFAF /* EntryPoint.swift in Sources */ = {isa = PBXBuildFile; fileRef = 4BBD72012769D47A00F1FFAF /* EntryPoint.swift */; };
		4BBE8B6027845520007F8051 /* Book.LayoutContainer.swift in Sources */ = {isa = PBXBuildFile; fileRef = 4BBE8B5F27845520007F8051 /* Book.LayoutContainer.swift */; };
		4BBFF31726EC7DFF00FCC451 /* Book.Sizing.swift in Sources */ = {isa = PBXBuildFile; fileRef = 4BBFF31626EC7DFF00FCC451 /* Book.Sizing.swift */; };
		4BBFF31926EC82D300FCC451 /* SizingTests.swift in Sources */ = {isa = PBXBuildFile; fileRef = 4BBFF31826EC82D300FCC451 /* SizingTests.swift */; };
		4BC4752126E7598B000C8492 /* ClassicTests.swift in Sources */ = {isa = PBXBuildFile; fileRef = 4BC4752026E7598B000C8492 /* ClassicTests.swift */; };
		4BD4A84026EDB4C1003C2F76 /* LayoutGuideBlock.swift in Sources */ = {isa = PBXBuildFile; fileRef = 4BD4A83F26EDB4C1003C2F76 /* LayoutGuideBlock.swift */; };
		4BD4A84226EDB82F003C2F76 /* UILayoutGuide+Mondrian.swift in Sources */ = {isa = PBXBuildFile; fileRef = 4BD4A84126EDB82F003C2F76 /* UILayoutGuide+Mondrian.swift */; };
		4BD5FE90267F28720035A66D /* StorybookKit in Frameworks */ = {isa = PBXBuildFile; productRef = 4BD5FE8F267F28720035A66D /* StorybookKit */; };
		4BD5FE92267F28720035A66D /* StorybookUI in Frameworks */ = {isa = PBXBuildFile; productRef = 4BD5FE91267F28720035A66D /* StorybookUI */; };
		4BD5FE9E267F2CF60035A66D /* SnapshotTesting in Frameworks */ = {isa = PBXBuildFile; productRef = 4BD5FE9D267F2CF60035A66D /* SnapshotTesting */; };
		4BE163C4267B711C00817483 /* CGSize+.swift in Sources */ = {isa = PBXBuildFile; fileRef = 4BE163C3267B711C00817483 /* CGSize+.swift */; };
		4BE163C5267B713F00817483 /* CGSize+.swift in Sources */ = {isa = PBXBuildFile; fileRef = 4BE163C3267B711C00817483 /* CGSize+.swift */; };
		4BE16571267C5D0800817483 /* ZStackTests.swift in Sources */ = {isa = PBXBuildFile; fileRef = 4BE16570267C5D0800817483 /* ZStackTests.swift */; };
		4BE4E9442675CAB100D096DC /* RootContainerViewController.swift in Sources */ = {isa = PBXBuildFile; fileRef = 4BE4E9432675CAB100D096DC /* RootContainerViewController.swift */; };
		4BE4E9462675CABE00D096DC /* Book.swift in Sources */ = {isa = PBXBuildFile; fileRef = 4BE4E9452675CABE00D096DC /* Book.swift */; };
		4BFF75CE2677C91B003FA7F0 /* ExampleView.swift in Sources */ = {isa = PBXBuildFile; fileRef = 4B0941312677C02700E1997B /* ExampleView.swift */; };
/* End PBXBuildFile section */

/* Begin PBXContainerItemProxy section */
		4B384D8B2675CF41001B0267 /* PBXContainerItemProxy */ = {
			isa = PBXContainerItemProxy;
			containerPortal = 4B4057592675C501003B28A1 /* Project object */;
			proxyType = 1;
			remoteGlobalIDString = 4B4057612675C501003B28A1;
			remoteInfo = BoxLayout2;
		};
		4B384D902675CF47001B0267 /* PBXContainerItemProxy */ = {
			isa = PBXContainerItemProxy;
			containerPortal = 4B4057592675C501003B28A1 /* Project object */;
			proxyType = 1;
			remoteGlobalIDString = 4B4057612675C501003B28A1;
			remoteInfo = BoxLayout2;
		};
		4B64B1B32675D2AF00460282 /* PBXContainerItemProxy */ = {
			isa = PBXContainerItemProxy;
			containerPortal = 4B4057592675C501003B28A1 /* Project object */;
			proxyType = 1;
			remoteGlobalIDString = 4B4057612675C501003B28A1;
			remoteInfo = BoxLayout2;
		};
/* End PBXContainerItemProxy section */

/* Begin PBXCopyFilesBuildPhase section */
		4B384D922675CF47001B0267 /* Embed Frameworks */ = {
			isa = PBXCopyFilesBuildPhase;
			buildActionMask = 2147483647;
			dstPath = "";
			dstSubfolderSpec = 10;
			files = (
				4B384D8F2675CF47001B0267 /* MondrianLayout.framework in Embed Frameworks */,
				4B5AF7BB2685195A008C51A1 /* RevealServer.xcframework in Embed Frameworks */,
			);
			name = "Embed Frameworks";
			runOnlyForDeploymentPostprocessing = 0;
		};
/* End PBXCopyFilesBuildPhase section */

/* Begin PBXFileReference section */
		4B02799F26787AD30078B18A /* UIColor+Mondrian.swift */ = {isa = PBXFileReference; lastKnownFileType = sourcecode.swift; path = "UIColor+Mondrian.swift"; sourceTree = "<group>"; };
		4B0279A1267880420078B18A /* OverlayBlock.swift */ = {isa = PBXFileReference; lastKnownFileType = sourcecode.swift; path = OverlayBlock.swift; sourceTree = "<group>"; };
		4B0279A32678804A0078B18A /* BackgroundBlock.swift */ = {isa = PBXFileReference; lastKnownFileType = sourcecode.swift; path = BackgroundBlock.swift; sourceTree = "<group>"; };
		4B0941312677C02700E1997B /* ExampleView.swift */ = {isa = PBXFileReference; lastKnownFileType = sourcecode.swift; path = ExampleView.swift; sourceTree = "<group>"; };
		4B1256BD267CA74700FE9612 /* Book.ViewController.swift */ = {isa = PBXFileReference; lastKnownFileType = sourcecode.swift; path = Book.ViewController.swift; sourceTree = "<group>"; };
		4B1F05CF267A6AD000A66CC7 /* HStackTests.swift */ = {isa = PBXFileReference; lastKnownFileType = sourcecode.swift; path = HStackTests.swift; sourceTree = "<group>"; };
		4B1F05D1267A6D5B00A66CC7 /* InstagramPostView.swift */ = {isa = PBXFileReference; lastKnownFileType = sourcecode.swift; path = InstagramPostView.swift; sourceTree = "<group>"; };
		4B1F05D3267A6D9500A66CC7 /* Book.Mondrian.swift */ = {isa = PBXFileReference; lastKnownFileType = sourcecode.swift; path = Book.Mondrian.swift; sourceTree = "<group>"; };
		4B309029269824D7001AB89B /* Book.RelativeBlock.swift */ = {isa = PBXFileReference; lastKnownFileType = sourcecode.swift; path = Book.RelativeBlock.swift; sourceTree = "<group>"; };
		4B384D892675CDA9001B0267 /* LayoutBuilderContext.swift */ = {isa = PBXFileReference; lastKnownFileType = sourcecode.swift; path = LayoutBuilderContext.swift; sourceTree = "<group>"; };
		4B3B0F71274E8F98001C9E6B /* LayoutManager.swift */ = {isa = PBXFileReference; lastKnownFileType = sourcecode.swift; path = LayoutManager.swift; sourceTree = "<group>"; };
		4B3B0F73274E9A3B001C9E6B /* Book.Manager.swift */ = {isa = PBXFileReference; lastKnownFileType = sourcecode.swift; path = Book.Manager.swift; sourceTree = "<group>"; };
		4B4057622675C501003B28A1 /* MondrianLayout.framework */ = {isa = PBXFileReference; explicitFileType = wrapper.framework; includeInIndex = 0; path = MondrianLayout.framework; sourceTree = BUILT_PRODUCTS_DIR; };
		4B4057702675C51E003B28A1 /* Demo_MondrianLayout.app */ = {isa = PBXFileReference; explicitFileType = wrapper.application; includeInIndex = 0; path = Demo_MondrianLayout.app; sourceTree = BUILT_PRODUCTS_DIR; };
		4B4057722675C51E003B28A1 /* AppDelegate.swift */ = {isa = PBXFileReference; lastKnownFileType = sourcecode.swift; path = AppDelegate.swift; sourceTree = "<group>"; };
		4B40577B2675C51F003B28A1 /* Assets.xcassets */ = {isa = PBXFileReference; lastKnownFileType = folder.assetcatalog; path = Assets.xcassets; sourceTree = "<group>"; };
		4B40577E2675C51F003B28A1 /* Base */ = {isa = PBXFileReference; lastKnownFileType = file.storyboard; name = Base; path = Base.lproj/LaunchScreen.storyboard; sourceTree = "<group>"; };
		4B4693AE267915080079B761 /* StackingSpacer.swift */ = {isa = PBXFileReference; lastKnownFileType = sourcecode.swift; path = StackingSpacer.swift; sourceTree = "<group>"; };
		4B4693B0267918C60079B761 /* VStackTests.swift */ = {isa = PBXFileReference; lastKnownFileType = sourcecode.swift; path = VStackTests.swift; sourceTree = "<group>"; };
		4B4693B226791FA90079B761 /* LayoutContainer.swift */ = {isa = PBXFileReference; lastKnownFileType = sourcecode.swift; path = LayoutContainer.swift; sourceTree = "<group>"; };
		4B47F6362678DC0000BDE2DB /* Book.Background.swift */ = {isa = PBXFileReference; lastKnownFileType = sourcecode.swift; path = Book.Background.swift; sourceTree = "<group>"; };
		4B47F6382678DC4000BDE2DB /* Book.VStackBlock.swift */ = {isa = PBXFileReference; lastKnownFileType = sourcecode.swift; path = Book.VStackBlock.swift; sourceTree = "<group>"; };
		4B47F63A2678DC6C00BDE2DB /* Book.HStackBlock.swift */ = {isa = PBXFileReference; lastKnownFileType = sourcecode.swift; path = Book.HStackBlock.swift; sourceTree = "<group>"; };
		4B47F63C2678DCAC00BDE2DB /* Book.ZStackBlock.swift */ = {isa = PBXFileReference; lastKnownFileType = sourcecode.swift; path = Book.ZStackBlock.swift; sourceTree = "<group>"; };
		4B47F63E2678E35400BDE2DB /* Book.Overlay.swift */ = {isa = PBXFileReference; lastKnownFileType = sourcecode.swift; path = Book.Overlay.swift; sourceTree = "<group>"; };
		4B47F6402678E51200BDE2DB /* Edge.swift */ = {isa = PBXFileReference; lastKnownFileType = sourcecode.swift; path = Edge.swift; sourceTree = "<group>"; };
		4B47F6422679040600BDE2DB /* SwiftUIComparison.swift */ = {isa = PBXFileReference; lastKnownFileType = sourcecode.swift; path = SwiftUIComparison.swift; sourceTree = "<group>"; };
		4B47F6442679095500BDE2DB /* OverlayTests.swift */ = {isa = PBXFileReference; lastKnownFileType = sourcecode.swift; path = OverlayTests.swift; sourceTree = "<group>"; };
		4B4CA90D26A3251300863217 /* Optimization.swift */ = {isa = PBXFileReference; lastKnownFileType = sourcecode.swift; path = Optimization.swift; sourceTree = "<group>"; };
		4B64B1AD2675D2AF00460282 /* Tests.xctest */ = {isa = PBXFileReference; explicitFileType = wrapper.cfbundle; includeInIndex = 0; path = Tests.xctest; sourceTree = BUILT_PRODUCTS_DIR; };
		4B64B1AF2675D2AF00460282 /* Tests.swift */ = {isa = PBXFileReference; lastKnownFileType = sourcecode.swift; path = Tests.swift; sourceTree = "<group>"; };
		4B64B1B12675D2AF00460282 /* Info.plist */ = {isa = PBXFileReference; lastKnownFileType = text.plist.xml; path = Info.plist; sourceTree = "<group>"; };
		4B64B1B82675F7AB00460282 /* _LayoutElement.swift */ = {isa = PBXFileReference; lastKnownFileType = sourcecode.swift; path = _LayoutElement.swift; sourceTree = "<group>"; };
		4B64B1BA2675F98500460282 /* VHStackContentBuilder.swift */ = {isa = PBXFileReference; lastKnownFileType = sourcecode.swift; path = VHStackContentBuilder.swift; sourceTree = "<group>"; };
		4B64B1BC26761BE900460282 /* Extensions.swift */ = {isa = PBXFileReference; lastKnownFileType = sourcecode.swift; path = Extensions.swift; sourceTree = "<group>"; };
		4B64B1BE26761DA800460282 /* Info.plist */ = {isa = PBXFileReference; fileEncoding = 4; lastKnownFileType = text.plist.xml; path = Info.plist; sourceTree = "<group>"; };
		4B64B1C026761E0300460282 /* RevealServer.xcframework */ = {isa = PBXFileReference; lastKnownFileType = wrapper.xcframework; path = RevealServer.xcframework; sourceTree = "<group>"; };
		4B64B1C426762A6F00460282 /* VStackBlock.swift */ = {isa = PBXFileReference; lastKnownFileType = sourcecode.swift; path = VStackBlock.swift; sourceTree = "<group>"; };
		4B64B1C626762A8200460282 /* HStackBlock.swift */ = {isa = PBXFileReference; lastKnownFileType = sourcecode.swift; path = HStackBlock.swift; sourceTree = "<group>"; };
		4B64B1C826762C1400460282 /* UIView+Mondrian.swift */ = {isa = PBXFileReference; lastKnownFileType = sourcecode.swift; path = "UIView+Mondrian.swift"; sourceTree = "<group>"; };
		4B6ABDB926937AD9003C1698 /* RelativeTests.swift */ = {isa = PBXFileReference; lastKnownFileType = sourcecode.swift; path = RelativeTests.swift; sourceTree = "<group>"; };
		4B7382072679EBED00D77986 /* Book.SafeArea.swift */ = {isa = PBXFileReference; lastKnownFileType = sourcecode.swift; path = Book.SafeArea.swift; sourceTree = "<group>"; };
		4B738209267A067700D77986 /* DimensionDescriptor.swift */ = {isa = PBXFileReference; lastKnownFileType = sourcecode.swift; path = DimensionDescriptor.swift; sourceTree = "<group>"; };
		4B73820B267A0D6900D77986 /* _LayoutBlockNode.swift */ = {isa = PBXFileReference; lastKnownFileType = sourcecode.swift; path = _LayoutBlockNode.swift; sourceTree = "<group>"; };
		4B9B07E8267CF60000818A40 /* SyntaxTests.swift */ = {isa = PBXFileReference; lastKnownFileType = sourcecode.swift; path = SyntaxTests.swift; sourceTree = "<group>"; };
		4B9B07EA267E045600818A40 /* LayoutDescriptor.swift */ = {isa = PBXFileReference; lastKnownFileType = sourcecode.swift; path = LayoutDescriptor.swift; sourceTree = "<group>"; };
		4B9B07EF267E532500818A40 /* MondrianArrayBuilder.swift */ = {isa = PBXFileReference; lastKnownFileType = sourcecode.swift; path = MondrianArrayBuilder.swift; sourceTree = "<group>"; };
		4B9B07F1267E539000818A40 /* LayoutDescriptorTests.swift */ = {isa = PBXFileReference; lastKnownFileType = sourcecode.swift; path = LayoutDescriptorTests.swift; sourceTree = "<group>"; };
		4B9B07F3267E586400818A40 /* Book.Classic.swift */ = {isa = PBXFileReference; lastKnownFileType = sourcecode.swift; path = Book.Classic.swift; sourceTree = "<group>"; };
		4B9E1A1326762D6A00D1E1C9 /* ViewBlock.swift */ = {isa = PBXFileReference; lastKnownFileType = sourcecode.swift; path = ViewBlock.swift; sourceTree = "<group>"; };
		4B9E1A1526762FF200D1E1C9 /* NSLayoutConstraint+.swift */ = {isa = PBXFileReference; lastKnownFileType = sourcecode.swift; path = "NSLayoutConstraint+.swift"; sourceTree = "<group>"; };
		4B9E1A172676323600D1E1C9 /* ZStackBlock.swift */ = {isa = PBXFileReference; lastKnownFileType = sourcecode.swift; path = ZStackBlock.swift; sourceTree = "<group>"; };
		4B9E1A1B2676333C00D1E1C9 /* _LayoutBlockType.swift */ = {isa = PBXFileReference; lastKnownFileType = sourcecode.swift; path = _LayoutBlockType.swift; sourceTree = "<group>"; };
		4B9E1A1D26763D0200D1E1C9 /* RelativeBlock.swift */ = {isa = PBXFileReference; lastKnownFileType = sourcecode.swift; path = RelativeBlock.swift; sourceTree = "<group>"; };
		4BACE5D62768EFB700C32A09 /* VGridBlock.swift */ = {isa = PBXFileReference; lastKnownFileType = sourcecode.swift; path = VGridBlock.swift; sourceTree = "<group>"; };
		4BACE5D82768F7BC00C32A09 /* Book.VGridBlock.swift */ = {isa = PBXFileReference; lastKnownFileType = sourcecode.swift; path = Book.VGridBlock.swift; sourceTree = "<group>"; };
		4BACE5DC276912CD00C32A09 /* VGridTests.swift */ = {isa = PBXFileReference; lastKnownFileType = sourcecode.swift; path = VGridTests.swift; sourceTree = "<group>"; };
		4BAD3678268386FA00788518 /* MondrianNamespace.swift */ = {isa = PBXFileReference; lastKnownFileType = sourcecode.swift; path = MondrianNamespace.swift; sourceTree = "<group>"; };
		4BB75A28269035F400EA4F54 /* Utils.swift */ = {isa = PBXFileReference; lastKnownFileType = sourcecode.swift; path = Utils.swift; sourceTree = "<group>"; };
		4BBD72012769D47A00F1FFAF /* EntryPoint.swift */ = {isa = PBXFileReference; lastKnownFileType = sourcecode.swift; path = EntryPoint.swift; sourceTree = "<group>"; };
		4BBE8B5F27845520007F8051 /* Book.LayoutContainer.swift */ = {isa = PBXFileReference; lastKnownFileType = sourcecode.swift; path = Book.LayoutContainer.swift; sourceTree = "<group>"; };
		4BBFF31626EC7DFF00FCC451 /* Book.Sizing.swift */ = {isa = PBXFileReference; lastKnownFileType = sourcecode.swift; path = Book.Sizing.swift; sourceTree = "<group>"; };
		4BBFF31826EC82D300FCC451 /* SizingTests.swift */ = {isa = PBXFileReference; lastKnownFileType = sourcecode.swift; path = SizingTests.swift; sourceTree = "<group>"; };
		4BC4752026E7598B000C8492 /* ClassicTests.swift */ = {isa = PBXFileReference; lastKnownFileType = sourcecode.swift; path = ClassicTests.swift; sourceTree = "<group>"; };
		4BD4A83F26EDB4C1003C2F76 /* LayoutGuideBlock.swift */ = {isa = PBXFileReference; lastKnownFileType = sourcecode.swift; path = LayoutGuideBlock.swift; sourceTree = "<group>"; };
		4BD4A84126EDB82F003C2F76 /* UILayoutGuide+Mondrian.swift */ = {isa = PBXFileReference; lastKnownFileType = sourcecode.swift; path = "UILayoutGuide+Mondrian.swift"; sourceTree = "<group>"; };
		4BE163C3267B711C00817483 /* CGSize+.swift */ = {isa = PBXFileReference; lastKnownFileType = sourcecode.swift; path = "CGSize+.swift"; sourceTree = "<group>"; };
		4BE16570267C5D0800817483 /* ZStackTests.swift */ = {isa = PBXFileReference; lastKnownFileType = sourcecode.swift; path = ZStackTests.swift; sourceTree = "<group>"; };
		4BE4E9432675CAB100D096DC /* RootContainerViewController.swift */ = {isa = PBXFileReference; lastKnownFileType = sourcecode.swift; path = RootContainerViewController.swift; sourceTree = "<group>"; };
		4BE4E9452675CABE00D096DC /* Book.swift */ = {isa = PBXFileReference; lastKnownFileType = sourcecode.swift; path = Book.swift; sourceTree = "<group>"; };
/* End PBXFileReference section */

/* Begin PBXFrameworksBuildPhase section */
		4B40575F2675C501003B28A1 /* Frameworks */ = {
			isa = PBXFrameworksBuildPhase;
			buildActionMask = 2147483647;
			files = (
			);
			runOnlyForDeploymentPostprocessing = 0;
		};
		4B40576D2675C51E003B28A1 /* Frameworks */ = {
			isa = PBXFrameworksBuildPhase;
			buildActionMask = 2147483647;
			files = (
				4B8A4834267F36F100609D3E /* Ne in Frameworks */,
				4B5AF7BA2685195A008C51A1 /* RevealServer.xcframework in Frameworks */,
				4BD5FE90267F28720035A66D /* StorybookKit in Frameworks */,
				4BD5FE92267F28720035A66D /* StorybookUI in Frameworks */,
				4B384D8E2675CF47001B0267 /* MondrianLayout.framework in Frameworks */,
			);
			runOnlyForDeploymentPostprocessing = 0;
		};
		4B64B1AA2675D2AF00460282 /* Frameworks */ = {
			isa = PBXFrameworksBuildPhase;
			buildActionMask = 2147483647;
			files = (
				4B64B1B22675D2AF00460282 /* MondrianLayout.framework in Frameworks */,
				4BD5FE9E267F2CF60035A66D /* SnapshotTesting in Frameworks */,
			);
			runOnlyForDeploymentPostprocessing = 0;
		};
/* End PBXFrameworksBuildPhase section */

/* Begin PBXGroup section */
		4B384D8D2675CF47001B0267 /* Frameworks */ = {
			isa = PBXGroup;
			children = (
			);
			name = Frameworks;
			sourceTree = "<group>";
		};
		4B3B0F70274E8F8D001C9E6B /* Manager */ = {
			isa = PBXGroup;
			children = (
				4B3B0F71274E8F98001C9E6B /* LayoutManager.swift */,
			);
			path = Manager;
			sourceTree = "<group>";
		};
		4B4057582675C501003B28A1 = {
			isa = PBXGroup;
			children = (
				4B64B1C026761E0300460282 /* RevealServer.xcframework */,
				4B4057642675C501003B28A1 /* MondrianLayout */,
				4B4057712675C51E003B28A1 /* Demo_MondrianLayout */,
				4B64B1AE2675D2AF00460282 /* Tests */,
				4B4057632675C501003B28A1 /* Products */,
				4B384D8D2675CF47001B0267 /* Frameworks */,
			);
			indentWidth = 2;
			sourceTree = "<group>";
			tabWidth = 2;
		};
		4B4057632675C501003B28A1 /* Products */ = {
			isa = PBXGroup;
			children = (
				4B4057622675C501003B28A1 /* MondrianLayout.framework */,
				4B4057702675C51E003B28A1 /* Demo_MondrianLayout.app */,
				4B64B1AD2675D2AF00460282 /* Tests.xctest */,
			);
			name = Products;
			sourceTree = "<group>";
		};
		4B4057642675C501003B28A1 /* MondrianLayout */ = {
			isa = PBXGroup;
			children = (
				4BBD72012769D47A00F1FFAF /* EntryPoint.swift */,
				4B3B0F70274E8F8D001C9E6B /* Manager */,
				4B9B07EE267E1C2900818A40 /* Classic */,
				4BFF75CF2677CC16003FA7F0 /* Descriptors */,
				4B9A1B84267A286D0029907C /* LayoutBlocks */,
				4BFF75D12677CC32003FA7F0 /* Extensions */,
				4BFF75D02677CC21003FA7F0 /* Internal */,
				4BAD3678268386FA00788518 /* MondrianNamespace.swift */,
			);
			path = MondrianLayout;
			sourceTree = "<group>";
		};
		4B4057712675C51E003B28A1 /* Demo_MondrianLayout */ = {
			isa = PBXGroup;
			children = (
				4B4057722675C51E003B28A1 /* AppDelegate.swift */,
				4BE4E9432675CAB100D096DC /* RootContainerViewController.swift */,
				4BE4E9452675CABE00D096DC /* Book.swift */,
				4B1F05D3267A6D9500A66CC7 /* Book.Mondrian.swift */,
				4B1F05D1267A6D5B00A66CC7 /* InstagramPostView.swift */,
				4B47F6362678DC0000BDE2DB /* Book.Background.swift */,
				4B47F63E2678E35400BDE2DB /* Book.Overlay.swift */,
				4B47F6382678DC4000BDE2DB /* Book.VStackBlock.swift */,
				4BBFF31626EC7DFF00FCC451 /* Book.Sizing.swift */,
				4BBE8B5F27845520007F8051 /* Book.LayoutContainer.swift */,
				4B47F63A2678DC6C00BDE2DB /* Book.HStackBlock.swift */,
				4B47F63C2678DCAC00BDE2DB /* Book.ZStackBlock.swift */,
				4BACE5D82768F7BC00C32A09 /* Book.VGridBlock.swift */,
				4B309029269824D7001AB89B /* Book.RelativeBlock.swift */,
				4B7382072679EBED00D77986 /* Book.SafeArea.swift */,
				4B3B0F73274E9A3B001C9E6B /* Book.Manager.swift */,
				4B9B07F3267E586400818A40 /* Book.Classic.swift */,
				4B1256BD267CA74700FE9612 /* Book.ViewController.swift */,
				4B40577B2675C51F003B28A1 /* Assets.xcassets */,
				4B64B1BE26761DA800460282 /* Info.plist */,
				4B40577D2675C51F003B28A1 /* LaunchScreen.storyboard */,
				4B0941312677C02700E1997B /* ExampleView.swift */,
				4B64B1BC26761BE900460282 /* Extensions.swift */,
				4B02799F26787AD30078B18A /* UIColor+Mondrian.swift */,
				4BE163C3267B711C00817483 /* CGSize+.swift */,
				4B47F6422679040600BDE2DB /* SwiftUIComparison.swift */,
			);
			path = Demo_MondrianLayout;
			sourceTree = "<group>";
		};
		4B64B1AE2675D2AF00460282 /* Tests */ = {
			isa = PBXGroup;
			children = (
				4B64B1AF2675D2AF00460282 /* Tests.swift */,
				4B9B07F1267E539000818A40 /* LayoutDescriptorTests.swift */,
				4B47F6442679095500BDE2DB /* OverlayTests.swift */,
				4B4693B0267918C60079B761 /* VStackTests.swift */,
				4B1F05CF267A6AD000A66CC7 /* HStackTests.swift */,
				4BE16570267C5D0800817483 /* ZStackTests.swift */,
				4B9B07E8267CF60000818A40 /* SyntaxTests.swift */,
				4BACE5DC276912CD00C32A09 /* VGridTests.swift */,
				4B6ABDB926937AD9003C1698 /* RelativeTests.swift */,
				4BC4752026E7598B000C8492 /* ClassicTests.swift */,
				4BBFF31826EC82D300FCC451 /* SizingTests.swift */,
				4B64B1B12675D2AF00460282 /* Info.plist */,
			);
			path = Tests;
			sourceTree = "<group>";
		};
		4B9A1B84267A286D0029907C /* LayoutBlocks */ = {
			isa = PBXGroup;
			children = (
				4B4693AE267915080079B761 /* StackingSpacer.swift */,
				4B9E1A1D26763D0200D1E1C9 /* RelativeBlock.swift */,
				4B9E1A172676323600D1E1C9 /* ZStackBlock.swift */,
				4BACE5D62768EFB700C32A09 /* VGridBlock.swift */,
				4B9E1A1326762D6A00D1E1C9 /* ViewBlock.swift */,
				4BD4A83F26EDB4C1003C2F76 /* LayoutGuideBlock.swift */,
				4B0279A1267880420078B18A /* OverlayBlock.swift */,
				4B0279A32678804A0078B18A /* BackgroundBlock.swift */,
				4B64B1C426762A6F00460282 /* VStackBlock.swift */,
				4B64B1C626762A8200460282 /* HStackBlock.swift */,
				4B4693B226791FA90079B761 /* LayoutContainer.swift */,
			);
			path = LayoutBlocks;
			sourceTree = "<group>";
		};
		4B9B07EE267E1C2900818A40 /* Classic */ = {
			isa = PBXGroup;
			children = (
				4B9B07EA267E045600818A40 /* LayoutDescriptor.swift */,
				4B9B07EF267E532500818A40 /* MondrianArrayBuilder.swift */,
			);
			path = Classic;
			sourceTree = "<group>";
		};
		4BFF75CF2677CC16003FA7F0 /* Descriptors */ = {
			isa = PBXGroup;
			children = (
				4B73820B267A0D6900D77986 /* _LayoutBlockNode.swift */,
				4B9E1A1B2676333C00D1E1C9 /* _LayoutBlockType.swift */,
				4B64B1BA2675F98500460282 /* VHStackContentBuilder.swift */,
				4B384D892675CDA9001B0267 /* LayoutBuilderContext.swift */,
				4B738209267A067700D77986 /* DimensionDescriptor.swift */,
				4B47F6402678E51200BDE2DB /* Edge.swift */,
				4B4CA90D26A3251300863217 /* Optimization.swift */,
			);
			path = Descriptors;
			sourceTree = "<group>";
		};
		4BFF75D02677CC21003FA7F0 /* Internal */ = {
			isa = PBXGroup;
			children = (
				4B64B1B82675F7AB00460282 /* _LayoutElement.swift */,
				4BB75A28269035F400EA4F54 /* Utils.swift */,
			);
			path = Internal;
			sourceTree = "<group>";
		};
		4BFF75D12677CC32003FA7F0 /* Extensions */ = {
			isa = PBXGroup;
			children = (
				4B64B1C826762C1400460282 /* UIView+Mondrian.swift */,
				4BD4A84126EDB82F003C2F76 /* UILayoutGuide+Mondrian.swift */,
				4B9E1A1526762FF200D1E1C9 /* NSLayoutConstraint+.swift */,
			);
			path = Extensions;
			sourceTree = "<group>";
		};
/* End PBXGroup section */

/* Begin PBXHeadersBuildPhase section */
		4B40575D2675C501003B28A1 /* Headers */ = {
			isa = PBXHeadersBuildPhase;
			buildActionMask = 2147483647;
			files = (
			);
			runOnlyForDeploymentPostprocessing = 0;
		};
/* End PBXHeadersBuildPhase section */

/* Begin PBXNativeTarget section */
		4B4057612675C501003B28A1 /* MondrianLayout */ = {
			isa = PBXNativeTarget;
			buildConfigurationList = 4B4057692675C501003B28A1 /* Build configuration list for PBXNativeTarget "MondrianLayout" */;
			buildPhases = (
				4B40575D2675C501003B28A1 /* Headers */,
				4B40575E2675C501003B28A1 /* Sources */,
				4B40575F2675C501003B28A1 /* Frameworks */,
				4B4057602675C501003B28A1 /* Resources */,
			);
			buildRules = (
			);
			dependencies = (
			);
			name = MondrianLayout;
			packageProductDependencies = (
			);
			productName = BoxLayout2;
			productReference = 4B4057622675C501003B28A1 /* MondrianLayout.framework */;
			productType = "com.apple.product-type.framework";
		};
		4B40576F2675C51E003B28A1 /* Demo_MondrianLayout */ = {
			isa = PBXNativeTarget;
			buildConfigurationList = 4B4057812675C51F003B28A1 /* Build configuration list for PBXNativeTarget "Demo_MondrianLayout" */;
			buildPhases = (
				4B40576C2675C51E003B28A1 /* Sources */,
				4B40576D2675C51E003B28A1 /* Frameworks */,
				4B40576E2675C51E003B28A1 /* Resources */,
				4B384D922675CF47001B0267 /* Embed Frameworks */,
			);
			buildRules = (
			);
			dependencies = (
				4B384D8C2675CF41001B0267 /* PBXTargetDependency */,
				4B384D912675CF47001B0267 /* PBXTargetDependency */,
			);
			name = Demo_MondrianLayout;
			packageProductDependencies = (
				4BD5FE8F267F28720035A66D /* StorybookKit */,
				4BD5FE91267F28720035A66D /* StorybookUI */,
				4B8A4833267F36F100609D3E /* Ne */,
			);
			productName = Demo_BoxLayout2;
			productReference = 4B4057702675C51E003B28A1 /* Demo_MondrianLayout.app */;
			productType = "com.apple.product-type.application";
		};
		4B64B1AC2675D2AF00460282 /* Tests */ = {
			isa = PBXNativeTarget;
			buildConfigurationList = 4B64B1B72675D2AF00460282 /* Build configuration list for PBXNativeTarget "Tests" */;
			buildPhases = (
				4B64B1A92675D2AF00460282 /* Sources */,
				4B64B1AA2675D2AF00460282 /* Frameworks */,
				4B64B1AB2675D2AF00460282 /* Resources */,
			);
			buildRules = (
			);
			dependencies = (
				4B64B1B42675D2AF00460282 /* PBXTargetDependency */,
			);
			name = Tests;
			packageProductDependencies = (
				4BD5FE9D267F2CF60035A66D /* SnapshotTesting */,
			);
			productName = Tests;
			productReference = 4B64B1AD2675D2AF00460282 /* Tests.xctest */;
			productType = "com.apple.product-type.bundle.unit-test";
		};
/* End PBXNativeTarget section */

/* Begin PBXProject section */
		4B4057592675C501003B28A1 /* Project object */ = {
			isa = PBXProject;
			attributes = {
				BuildIndependentTargetsInParallel = 1;
				LastSwiftUpdateCheck = 1250;
				LastUpgradeCheck = 1300;
				TargetAttributes = {
					4B4057612675C501003B28A1 = {
						CreatedOnToolsVersion = 13.0;
						LastSwiftMigration = 1250;
					};
					4B40576F2675C51E003B28A1 = {
						CreatedOnToolsVersion = 13.0;
					};
					4B64B1AC2675D2AF00460282 = {
						CreatedOnToolsVersion = 12.5;
					};
				};
			};
			buildConfigurationList = 4B40575C2675C501003B28A1 /* Build configuration list for PBXProject "MondrianLayout" */;
			compatibilityVersion = "Xcode 12.0";
			developmentRegion = en;
			hasScannedForEncodings = 0;
			knownRegions = (
				en,
				Base,
			);
			mainGroup = 4B4057582675C501003B28A1;
			packageReferences = (
				4BD5FE8E267F28720035A66D /* XCRemoteSwiftPackageReference "Storybook-ios" */,
				4BD5FE93267F28970035A66D /* XCRemoteSwiftPackageReference "swift-snapshot-testing" */,
				4B8A4832267F36F100609D3E /* XCRemoteSwiftPackageReference "Ne" */,
			);
			productRefGroup = 4B4057632675C501003B28A1 /* Products */;
			projectDirPath = "";
			projectRoot = "";
			targets = (
				4B4057612675C501003B28A1 /* MondrianLayout */,
				4B40576F2675C51E003B28A1 /* Demo_MondrianLayout */,
				4B64B1AC2675D2AF00460282 /* Tests */,
			);
		};
/* End PBXProject section */

/* Begin PBXResourcesBuildPhase section */
		4B4057602675C501003B28A1 /* Resources */ = {
			isa = PBXResourcesBuildPhase;
			buildActionMask = 2147483647;
			files = (
			);
			runOnlyForDeploymentPostprocessing = 0;
		};
		4B40576E2675C51E003B28A1 /* Resources */ = {
			isa = PBXResourcesBuildPhase;
			buildActionMask = 2147483647;
			files = (
				4B40577F2675C51F003B28A1 /* LaunchScreen.storyboard in Resources */,
				4B40577C2675C51F003B28A1 /* Assets.xcassets in Resources */,
			);
			runOnlyForDeploymentPostprocessing = 0;
		};
		4B64B1AB2675D2AF00460282 /* Resources */ = {
			isa = PBXResourcesBuildPhase;
			buildActionMask = 2147483647;
			files = (
			);
			runOnlyForDeploymentPostprocessing = 0;
		};
/* End PBXResourcesBuildPhase section */

/* Begin PBXSourcesBuildPhase section */
		4B40575E2675C501003B28A1 /* Sources */ = {
			isa = PBXSourcesBuildPhase;
			buildActionMask = 2147483647;
			files = (
				4BD4A84026EDB4C1003C2F76 /* LayoutGuideBlock.swift in Sources */,
				4B9E1A1E26763D0200D1E1C9 /* RelativeBlock.swift in Sources */,
				4B4693AF267915080079B761 /* StackingSpacer.swift in Sources */,
				4BAD3679268386FA00788518 /* MondrianNamespace.swift in Sources */,
				4B73820A267A067700D77986 /* DimensionDescriptor.swift in Sources */,
				4B9E1A182676323600D1E1C9 /* ZStackBlock.swift in Sources */,
				4B0279A42678804A0078B18A /* BackgroundBlock.swift in Sources */,
				4B64B1B92675F7AB00460282 /* _LayoutElement.swift in Sources */,
				4BB75A29269035F400EA4F54 /* Utils.swift in Sources */,
				4B0279A2267880420078B18A /* OverlayBlock.swift in Sources */,
				4B9B07F0267E532500818A40 /* MondrianArrayBuilder.swift in Sources */,
				4B9B07EB267E045600818A40 /* LayoutDescriptor.swift in Sources */,
				4B9E1A1626762FF200D1E1C9 /* NSLayoutConstraint+.swift in Sources */,
				4B4693B326791FA90079B761 /* LayoutContainer.swift in Sources */,
				4BD4A84226EDB82F003C2F76 /* UILayoutGuide+Mondrian.swift in Sources */,
				4B64B1C526762A6F00460282 /* VStackBlock.swift in Sources */,
				4B47F6412678E51200BDE2DB /* Edge.swift in Sources */,
				4B9E1A1426762D6A00D1E1C9 /* ViewBlock.swift in Sources */,
				4BACE5D72768EFB700C32A09 /* VGridBlock.swift in Sources */,
				4BBD72022769D47A00F1FFAF /* EntryPoint.swift in Sources */,
				4B384D8A2675CDA9001B0267 /* LayoutBuilderContext.swift in Sources */,
				4B73820C267A0D6900D77986 /* _LayoutBlockNode.swift in Sources */,
				4B9E1A1C2676333C00D1E1C9 /* _LayoutBlockType.swift in Sources */,
				4B64B1C926762C1400460282 /* UIView+Mondrian.swift in Sources */,
				4B3B0F72274E8F98001C9E6B /* LayoutManager.swift in Sources */,
				4B64B1C726762A8200460282 /* HStackBlock.swift in Sources */,
				4B4CA90E26A3251300863217 /* Optimization.swift in Sources */,
				4B64B1BB2675F98500460282 /* VHStackContentBuilder.swift in Sources */,
			);
			runOnlyForDeploymentPostprocessing = 0;
		};
		4B40576C2675C51E003B28A1 /* Sources */ = {
			isa = PBXSourcesBuildPhase;
			buildActionMask = 2147483647;
			files = (
				4B1256BE267CA74700FE9612 /* Book.ViewController.swift in Sources */,
				4B47F6392678DC4000BDE2DB /* Book.VStackBlock.swift in Sources */,
				4BFF75CE2677C91B003FA7F0 /* ExampleView.swift in Sources */,
				4B47F63B2678DC6C00BDE2DB /* Book.HStackBlock.swift in Sources */,
				4B47F63D2678DCAC00BDE2DB /* Book.ZStackBlock.swift in Sources */,
				4B0279A026787AD30078B18A /* UIColor+Mondrian.swift in Sources */,
				4B9B07F4267E586400818A40 /* Book.Classic.swift in Sources */,
				4BE4E9442675CAB100D096DC /* RootContainerViewController.swift in Sources */,
				4B1F05D4267A6D9500A66CC7 /* Book.Mondrian.swift in Sources */,
				4B47F6372678DC0000BDE2DB /* Book.Background.swift in Sources */,
				4BE163C4267B711C00817483 /* CGSize+.swift in Sources */,
				4B7382082679EBED00D77986 /* Book.SafeArea.swift in Sources */,
				4B47F63F2678E35400BDE2DB /* Book.Overlay.swift in Sources */,
				4BBFF31726EC7DFF00FCC451 /* Book.Sizing.swift in Sources */,
				4BBE8B6027845520007F8051 /* Book.LayoutContainer.swift in Sources */,
				4B1F05D2267A6D5B00A66CC7 /* InstagramPostView.swift in Sources */,
				4B3B0F74274E9A3B001C9E6B /* Book.Manager.swift in Sources */,
				4B47F6432679040600BDE2DB /* SwiftUIComparison.swift in Sources */,
				4B4057732675C51E003B28A1 /* AppDelegate.swift in Sources */,
				4BE4E9462675CABE00D096DC /* Book.swift in Sources */,
				4B30902A269824D7001AB89B /* Book.RelativeBlock.swift in Sources */,
				4BACE5D92768F7BC00C32A09 /* Book.VGridBlock.swift in Sources */,
				4B64B1BD26761BE900460282 /* Extensions.swift in Sources */,
			);
			runOnlyForDeploymentPostprocessing = 0;
		};
		4B64B1A92675D2AF00460282 /* Sources */ = {
			isa = PBXSourcesBuildPhase;
			buildActionMask = 2147483647;
			files = (
				4B9B07E9267CF60000818A40 /* SyntaxTests.swift in Sources */,
				4B9B07F2267E539000818A40 /* LayoutDescriptorTests.swift in Sources */,
				4BC4752126E7598B000C8492 /* ClassicTests.swift in Sources */,
				4BE163C5267B713F00817483 /* CGSize+.swift in Sources */,
				4B64B1B02675D2AF00460282 /* Tests.swift in Sources */,
				4B0941332677C1F000E1997B /* Extensions.swift in Sources */,
				4BE16571267C5D0800817483 /* ZStackTests.swift in Sources */,
				4BBFF31926EC82D300FCC451 /* SizingTests.swift in Sources */,
				4B4693B1267918C60079B761 /* VStackTests.swift in Sources */,
				4B47F6452679095500BDE2DB /* OverlayTests.swift in Sources */,
				4B0941322677C02700E1997B /* ExampleView.swift in Sources */,
				4B6ABDBA26937AD9003C1698 /* RelativeTests.swift in Sources */,
				4BACE5DD276912CD00C32A09 /* VGridTests.swift in Sources */,
				4B47F6462679097A00BDE2DB /* UIColor+Mondrian.swift in Sources */,
				4B1F05D0267A6AD000A66CC7 /* HStackTests.swift in Sources */,
			);
			runOnlyForDeploymentPostprocessing = 0;
		};
/* End PBXSourcesBuildPhase section */

/* Begin PBXTargetDependency section */
		4B384D8C2675CF41001B0267 /* PBXTargetDependency */ = {
			isa = PBXTargetDependency;
			target = 4B4057612675C501003B28A1 /* MondrianLayout */;
			targetProxy = 4B384D8B2675CF41001B0267 /* PBXContainerItemProxy */;
		};
		4B384D912675CF47001B0267 /* PBXTargetDependency */ = {
			isa = PBXTargetDependency;
			target = 4B4057612675C501003B28A1 /* MondrianLayout */;
			targetProxy = 4B384D902675CF47001B0267 /* PBXContainerItemProxy */;
		};
		4B64B1B42675D2AF00460282 /* PBXTargetDependency */ = {
			isa = PBXTargetDependency;
			target = 4B4057612675C501003B28A1 /* MondrianLayout */;
			targetProxy = 4B64B1B32675D2AF00460282 /* PBXContainerItemProxy */;
		};
/* End PBXTargetDependency section */

/* Begin PBXVariantGroup section */
		4B40577D2675C51F003B28A1 /* LaunchScreen.storyboard */ = {
			isa = PBXVariantGroup;
			children = (
				4B40577E2675C51F003B28A1 /* Base */,
			);
			name = LaunchScreen.storyboard;
			sourceTree = "<group>";
		};
/* End PBXVariantGroup section */

/* Begin XCBuildConfiguration section */
		4B4057672675C501003B28A1 /* Debug */ = {
			isa = XCBuildConfiguration;
			buildSettings = {
				ALWAYS_SEARCH_USER_PATHS = NO;
				CLANG_ANALYZER_NONNULL = YES;
				CLANG_ANALYZER_NUMBER_OBJECT_CONVERSION = YES_AGGRESSIVE;
				CLANG_CXX_LANGUAGE_STANDARD = "gnu++14";
				CLANG_CXX_LIBRARY = "libc++";
				CLANG_ENABLE_MODULES = YES;
				CLANG_ENABLE_OBJC_ARC = YES;
				CLANG_ENABLE_OBJC_WEAK = YES;
				CLANG_WARN_BLOCK_CAPTURE_AUTORELEASING = YES;
				CLANG_WARN_BOOL_CONVERSION = YES;
				CLANG_WARN_COMMA = YES;
				CLANG_WARN_CONSTANT_CONVERSION = YES;
				CLANG_WARN_DEPRECATED_OBJC_IMPLEMENTATIONS = YES;
				CLANG_WARN_DIRECT_OBJC_ISA_USAGE = YES_ERROR;
				CLANG_WARN_DOCUMENTATION_COMMENTS = YES;
				CLANG_WARN_EMPTY_BODY = YES;
				CLANG_WARN_ENUM_CONVERSION = YES;
				CLANG_WARN_INFINITE_RECURSION = YES;
				CLANG_WARN_INT_CONVERSION = YES;
				CLANG_WARN_NON_LITERAL_NULL_CONVERSION = YES;
				CLANG_WARN_OBJC_IMPLICIT_RETAIN_SELF = YES;
				CLANG_WARN_OBJC_LITERAL_CONVERSION = YES;
				CLANG_WARN_OBJC_ROOT_CLASS = YES_ERROR;
				CLANG_WARN_QUOTED_INCLUDE_IN_FRAMEWORK_HEADER = YES;
				CLANG_WARN_RANGE_LOOP_ANALYSIS = YES;
				CLANG_WARN_STRICT_PROTOTYPES = YES;
				CLANG_WARN_SUSPICIOUS_MOVE = YES;
				CLANG_WARN_UNGUARDED_AVAILABILITY = YES_AGGRESSIVE;
				CLANG_WARN_UNREACHABLE_CODE = YES;
				CLANG_WARN__DUPLICATE_METHOD_MATCH = YES;
				COPY_PHASE_STRIP = NO;
				CURRENT_PROJECT_VERSION = 1;
				DEBUG_INFORMATION_FORMAT = dwarf;
				ENABLE_STRICT_OBJC_MSGSEND = YES;
				ENABLE_TESTABILITY = YES;
				GCC_C_LANGUAGE_STANDARD = gnu11;
				GCC_DYNAMIC_NO_PIC = NO;
				GCC_NO_COMMON_BLOCKS = YES;
				GCC_OPTIMIZATION_LEVEL = 0;
				GCC_PREPROCESSOR_DEFINITIONS = (
					"DEBUG=1",
					"$(inherited)",
				);
				GCC_WARN_64_TO_32_BIT_CONVERSION = YES;
				GCC_WARN_ABOUT_RETURN_TYPE = YES_ERROR;
				GCC_WARN_UNDECLARED_SELECTOR = YES;
				GCC_WARN_UNINITIALIZED_AUTOS = YES_AGGRESSIVE;
				GCC_WARN_UNUSED_FUNCTION = YES;
				GCC_WARN_UNUSED_VARIABLE = YES;
				IPHONEOS_DEPLOYMENT_TARGET = 12.0;
				MTL_ENABLE_DEBUG_INFO = INCLUDE_SOURCE;
				MTL_FAST_MATH = YES;
				ONLY_ACTIVE_ARCH = YES;
				SDKROOT = iphoneos;
				SWIFT_ACTIVE_COMPILATION_CONDITIONS = DEBUG;
				SWIFT_OPTIMIZATION_LEVEL = "-Onone";
				VERSIONING_SYSTEM = "apple-generic";
				VERSION_INFO_PREFIX = "";
			};
			name = Debug;
		};
		4B4057682675C501003B28A1 /* Release */ = {
			isa = XCBuildConfiguration;
			buildSettings = {
				ALWAYS_SEARCH_USER_PATHS = NO;
				CLANG_ANALYZER_NONNULL = YES;
				CLANG_ANALYZER_NUMBER_OBJECT_CONVERSION = YES_AGGRESSIVE;
				CLANG_CXX_LANGUAGE_STANDARD = "gnu++14";
				CLANG_CXX_LIBRARY = "libc++";
				CLANG_ENABLE_MODULES = YES;
				CLANG_ENABLE_OBJC_ARC = YES;
				CLANG_ENABLE_OBJC_WEAK = YES;
				CLANG_WARN_BLOCK_CAPTURE_AUTORELEASING = YES;
				CLANG_WARN_BOOL_CONVERSION = YES;
				CLANG_WARN_COMMA = YES;
				CLANG_WARN_CONSTANT_CONVERSION = YES;
				CLANG_WARN_DEPRECATED_OBJC_IMPLEMENTATIONS = YES;
				CLANG_WARN_DIRECT_OBJC_ISA_USAGE = YES_ERROR;
				CLANG_WARN_DOCUMENTATION_COMMENTS = YES;
				CLANG_WARN_EMPTY_BODY = YES;
				CLANG_WARN_ENUM_CONVERSION = YES;
				CLANG_WARN_INFINITE_RECURSION = YES;
				CLANG_WARN_INT_CONVERSION = YES;
				CLANG_WARN_NON_LITERAL_NULL_CONVERSION = YES;
				CLANG_WARN_OBJC_IMPLICIT_RETAIN_SELF = YES;
				CLANG_WARN_OBJC_LITERAL_CONVERSION = YES;
				CLANG_WARN_OBJC_ROOT_CLASS = YES_ERROR;
				CLANG_WARN_QUOTED_INCLUDE_IN_FRAMEWORK_HEADER = YES;
				CLANG_WARN_RANGE_LOOP_ANALYSIS = YES;
				CLANG_WARN_STRICT_PROTOTYPES = YES;
				CLANG_WARN_SUSPICIOUS_MOVE = YES;
				CLANG_WARN_UNGUARDED_AVAILABILITY = YES_AGGRESSIVE;
				CLANG_WARN_UNREACHABLE_CODE = YES;
				CLANG_WARN__DUPLICATE_METHOD_MATCH = YES;
				COPY_PHASE_STRIP = NO;
				CURRENT_PROJECT_VERSION = 1;
				DEBUG_INFORMATION_FORMAT = "dwarf-with-dsym";
				ENABLE_NS_ASSERTIONS = NO;
				ENABLE_STRICT_OBJC_MSGSEND = YES;
				GCC_C_LANGUAGE_STANDARD = gnu11;
				GCC_NO_COMMON_BLOCKS = YES;
				GCC_WARN_64_TO_32_BIT_CONVERSION = YES;
				GCC_WARN_ABOUT_RETURN_TYPE = YES_ERROR;
				GCC_WARN_UNDECLARED_SELECTOR = YES;
				GCC_WARN_UNINITIALIZED_AUTOS = YES_AGGRESSIVE;
				GCC_WARN_UNUSED_FUNCTION = YES;
				GCC_WARN_UNUSED_VARIABLE = YES;
				IPHONEOS_DEPLOYMENT_TARGET = 12.0;
				MTL_ENABLE_DEBUG_INFO = NO;
				MTL_FAST_MATH = YES;
				SDKROOT = iphoneos;
				SWIFT_COMPILATION_MODE = wholemodule;
				SWIFT_OPTIMIZATION_LEVEL = "-O";
				VALIDATE_PRODUCT = YES;
				VERSIONING_SYSTEM = "apple-generic";
				VERSION_INFO_PREFIX = "";
			};
			name = Release;
		};
		4B40576A2675C501003B28A1 /* Debug */ = {
			isa = XCBuildConfiguration;
			buildSettings = {
				CLANG_ENABLE_MODULES = YES;
				CODE_SIGN_STYLE = Automatic;
				CURRENT_PROJECT_VERSION = 1;
				DEFINES_MODULE = YES;
				DYLIB_COMPATIBILITY_VERSION = 1;
				DYLIB_CURRENT_VERSION = 1;
				DYLIB_INSTALL_NAME_BASE = "@rpath";
				GENERATE_INFOPLIST_FILE = YES;
				INFOPLIST_KEY_NSHumanReadableCopyright = "";
				INSTALL_PATH = "$(LOCAL_LIBRARY_DIR)/Frameworks";
				LD_RUNPATH_SEARCH_PATHS = (
					"$(inherited)",
					"@executable_path/Frameworks",
					"@loader_path/Frameworks",
				);
				MARKETING_VERSION = 1.0;
				PRODUCT_BUNDLE_IDENTIFIER = app.muukii.MondrianLayout;
				PRODUCT_NAME = "$(TARGET_NAME:c99extidentifier)";
				SWIFT_EMIT_LOC_STRINGS = YES;
				SWIFT_OPTIMIZATION_LEVEL = "-Onone";
				SWIFT_VERSION = 5.0;
				TARGETED_DEVICE_FAMILY = "1,2";
			};
			name = Debug;
		};
		4B40576B2675C501003B28A1 /* Release */ = {
			isa = XCBuildConfiguration;
			buildSettings = {
				CLANG_ENABLE_MODULES = YES;
				CODE_SIGN_STYLE = Automatic;
				CURRENT_PROJECT_VERSION = 1;
				DEFINES_MODULE = YES;
				DYLIB_COMPATIBILITY_VERSION = 1;
				DYLIB_CURRENT_VERSION = 1;
				DYLIB_INSTALL_NAME_BASE = "@rpath";
				GENERATE_INFOPLIST_FILE = YES;
				INFOPLIST_KEY_NSHumanReadableCopyright = "";
				INSTALL_PATH = "$(LOCAL_LIBRARY_DIR)/Frameworks";
				LD_RUNPATH_SEARCH_PATHS = (
					"$(inherited)",
					"@executable_path/Frameworks",
					"@loader_path/Frameworks",
				);
				MARKETING_VERSION = 1.0;
				PRODUCT_BUNDLE_IDENTIFIER = app.muukii.MondrianLayout;
				PRODUCT_NAME = "$(TARGET_NAME:c99extidentifier)";
				SWIFT_EMIT_LOC_STRINGS = YES;
				SWIFT_VERSION = 5.0;
				TARGETED_DEVICE_FAMILY = "1,2";
			};
			name = Release;
		};
		4B4057822675C51F003B28A1 /* Debug */ = {
			isa = XCBuildConfiguration;
			buildSettings = {
				ASSETCATALOG_COMPILER_APPICON_NAME = AppIcon;
				ASSETCATALOG_COMPILER_GLOBAL_ACCENT_COLOR_NAME = AccentColor;
				CODE_SIGN_STYLE = Automatic;
				CURRENT_PROJECT_VERSION = 1;
				GENERATE_INFOPLIST_FILE = YES;
				INFOPLIST_FILE = Demo_MondrianLayout/Info.plist;
				INFOPLIST_KEY_CFBundleExecutable = "$(EXECUTABLE_NAME)";
				INFOPLIST_KEY_CFBundleName = "$(PRODUCT_NAME)";
				INFOPLIST_KEY_CFBundleVersion = 1;
				INFOPLIST_KEY_UIApplicationSupportsIndirectInputEvents = YES;
				INFOPLIST_KEY_UILaunchStoryboardName = LaunchScreen;
				INFOPLIST_KEY_UIRequiredDeviceCapabilities = armv7;
				INFOPLIST_KEY_UISupportedInterfaceOrientations = "UIInterfaceOrientationPortrait UIInterfaceOrientationLandscapeLeft UIInterfaceOrientationLandscapeRight";
				INFOPLIST_KEY_UISupportedInterfaceOrientations_iPad = "UIInterfaceOrientationPortrait UIInterfaceOrientationPortraitUpsideDown UIInterfaceOrientationLandscapeLeft UIInterfaceOrientationLandscapeRight";
				INFOPLIST_KEY_UISupportedInterfaceOrientations_iPhone = "UIInterfaceOrientationPortrait UIInterfaceOrientationLandscapeLeft UIInterfaceOrientationLandscapeRight";
				LD_RUNPATH_SEARCH_PATHS = (
					"$(inherited)",
					"@executable_path/Frameworks",
				);
				MARKETING_VERSION = 1.0;
				PRODUCT_BUNDLE_IDENTIFIER = app.muukii.MondrianLayout.Demo;
				PRODUCT_NAME = "$(TARGET_NAME)";
				SWIFT_EMIT_LOC_STRINGS = YES;
				SWIFT_VERSION = 5.0;
				TARGETED_DEVICE_FAMILY = "1,2";
			};
			name = Debug;
		};
		4B4057832675C51F003B28A1 /* Release */ = {
			isa = XCBuildConfiguration;
			buildSettings = {
				ASSETCATALOG_COMPILER_APPICON_NAME = AppIcon;
				ASSETCATALOG_COMPILER_GLOBAL_ACCENT_COLOR_NAME = AccentColor;
				CODE_SIGN_STYLE = Automatic;
				CURRENT_PROJECT_VERSION = 1;
				GENERATE_INFOPLIST_FILE = YES;
				INFOPLIST_FILE = Demo_MondrianLayout/Info.plist;
				INFOPLIST_KEY_CFBundleExecutable = "$(EXECUTABLE_NAME)";
				INFOPLIST_KEY_CFBundleName = "$(PRODUCT_NAME)";
				INFOPLIST_KEY_CFBundleVersion = 1;
				INFOPLIST_KEY_UIApplicationSupportsIndirectInputEvents = YES;
				INFOPLIST_KEY_UILaunchStoryboardName = LaunchScreen;
				INFOPLIST_KEY_UIRequiredDeviceCapabilities = armv7;
				INFOPLIST_KEY_UISupportedInterfaceOrientations = "UIInterfaceOrientationPortrait UIInterfaceOrientationLandscapeLeft UIInterfaceOrientationLandscapeRight";
				INFOPLIST_KEY_UISupportedInterfaceOrientations_iPad = "UIInterfaceOrientationPortrait UIInterfaceOrientationPortraitUpsideDown UIInterfaceOrientationLandscapeLeft UIInterfaceOrientationLandscapeRight";
				INFOPLIST_KEY_UISupportedInterfaceOrientations_iPhone = "UIInterfaceOrientationPortrait UIInterfaceOrientationLandscapeLeft UIInterfaceOrientationLandscapeRight";
				LD_RUNPATH_SEARCH_PATHS = (
					"$(inherited)",
					"@executable_path/Frameworks",
				);
				MARKETING_VERSION = 1.0;
				PRODUCT_BUNDLE_IDENTIFIER = app.muukii.MondrianLayout.Demo;
				PRODUCT_NAME = "$(TARGET_NAME)";
				SWIFT_EMIT_LOC_STRINGS = YES;
				SWIFT_VERSION = 5.0;
				TARGETED_DEVICE_FAMILY = "1,2";
			};
			name = Release;
		};
		4B64B1B52675D2AF00460282 /* Debug */ = {
			isa = XCBuildConfiguration;
			buildSettings = {
				CODE_SIGN_STYLE = Automatic;
				INFOPLIST_FILE = Tests/Info.plist;
				LD_RUNPATH_SEARCH_PATHS = (
					"$(inherited)",
					"@executable_path/Frameworks",
					"@loader_path/Frameworks",
				);
				PRODUCT_BUNDLE_IDENTIFIER = app.muukii.Tests;
				PRODUCT_NAME = "$(TARGET_NAME)";
				SWIFT_VERSION = 5.0;
				TARGETED_DEVICE_FAMILY = "1,2";
			};
			name = Debug;
		};
		4B64B1B62675D2AF00460282 /* Release */ = {
			isa = XCBuildConfiguration;
			buildSettings = {
				CODE_SIGN_STYLE = Automatic;
				INFOPLIST_FILE = Tests/Info.plist;
				LD_RUNPATH_SEARCH_PATHS = (
					"$(inherited)",
					"@executable_path/Frameworks",
					"@loader_path/Frameworks",
				);
				PRODUCT_BUNDLE_IDENTIFIER = app.muukii.Tests;
				PRODUCT_NAME = "$(TARGET_NAME)";
				SWIFT_VERSION = 5.0;
				TARGETED_DEVICE_FAMILY = "1,2";
			};
			name = Release;
		};
/* End XCBuildConfiguration section */

/* Begin XCConfigurationList section */
		4B40575C2675C501003B28A1 /* Build configuration list for PBXProject "MondrianLayout" */ = {
			isa = XCConfigurationList;
			buildConfigurations = (
				4B4057672675C501003B28A1 /* Debug */,
				4B4057682675C501003B28A1 /* Release */,
			);
			defaultConfigurationIsVisible = 0;
			defaultConfigurationName = Release;
		};
		4B4057692675C501003B28A1 /* Build configuration list for PBXNativeTarget "MondrianLayout" */ = {
			isa = XCConfigurationList;
			buildConfigurations = (
				4B40576A2675C501003B28A1 /* Debug */,
				4B40576B2675C501003B28A1 /* Release */,
			);
			defaultConfigurationIsVisible = 0;
			defaultConfigurationName = Release;
		};
		4B4057812675C51F003B28A1 /* Build configuration list for PBXNativeTarget "Demo_MondrianLayout" */ = {
			isa = XCConfigurationList;
			buildConfigurations = (
				4B4057822675C51F003B28A1 /* Debug */,
				4B4057832675C51F003B28A1 /* Release */,
			);
			defaultConfigurationIsVisible = 0;
			defaultConfigurationName = Release;
		};
		4B64B1B72675D2AF00460282 /* Build configuration list for PBXNativeTarget "Tests" */ = {
			isa = XCConfigurationList;
			buildConfigurations = (
				4B64B1B52675D2AF00460282 /* Debug */,
				4B64B1B62675D2AF00460282 /* Release */,
			);
			defaultConfigurationIsVisible = 0;
			defaultConfigurationName = Release;
		};
/* End XCConfigurationList section */

/* Begin XCRemoteSwiftPackageReference section */
		4B8A4832267F36F100609D3E /* XCRemoteSwiftPackageReference "Ne" */ = {
			isa = XCRemoteSwiftPackageReference;
			repositoryURL = "https://github.com/muukii/Ne.git";
			requirement = {
				kind = upToNextMajorVersion;
				minimumVersion = 1.0.1;
			};
		};
		4BD5FE8E267F28720035A66D /* XCRemoteSwiftPackageReference "Storybook-ios" */ = {
			isa = XCRemoteSwiftPackageReference;
			repositoryURL = "https://github.com/eure/Storybook-ios.git";
			requirement = {
				kind = upToNextMajorVersion;
				minimumVersion = 1.8.0;
			};
		};
		4BD5FE93267F28970035A66D /* XCRemoteSwiftPackageReference "swift-snapshot-testing" */ = {
			isa = XCRemoteSwiftPackageReference;
			repositoryURL = "https://github.com/pointfreeco/swift-snapshot-testing.git";
			requirement = {
				kind = upToNextMajorVersion;
				minimumVersion = 1.9.0;
			};
		};
/* End XCRemoteSwiftPackageReference section */

/* Begin XCSwiftPackageProductDependency section */
		4B8A4833267F36F100609D3E /* Ne */ = {
			isa = XCSwiftPackageProductDependency;
			package = 4B8A4832267F36F100609D3E /* XCRemoteSwiftPackageReference "Ne" */;
			productName = Ne;
		};
		4BD5FE8F267F28720035A66D /* StorybookKit */ = {
			isa = XCSwiftPackageProductDependency;
			package = 4BD5FE8E267F28720035A66D /* XCRemoteSwiftPackageReference "Storybook-ios" */;
			productName = StorybookKit;
		};
		4BD5FE91267F28720035A66D /* StorybookUI */ = {
			isa = XCSwiftPackageProductDependency;
			package = 4BD5FE8E267F28720035A66D /* XCRemoteSwiftPackageReference "Storybook-ios" */;
			productName = StorybookUI;
		};
		4BD5FE9D267F2CF60035A66D /* SnapshotTesting */ = {
			isa = XCSwiftPackageProductDependency;
			package = 4BD5FE93267F28970035A66D /* XCRemoteSwiftPackageReference "swift-snapshot-testing" */;
			productName = SnapshotTesting;
		};
/* End XCSwiftPackageProductDependency section */
	};
	rootObject = 4B4057592675C501003B28A1 /* Project object */;
}
