{
  "object": {
    "pins": [
      {
        "package": "Ne",
        "repositoryURL": "https://github.com/muukii/Ne.git",
        "state": {
          "branch": null,
          "revision": "6555f94596b634c14bd0818265ef8c86bb3005f3",
          "version": "1.0.1"
        }
      },
      {
        "package": "Storybook",
        "repositoryURL": "https://github.com/eure/Storybook-ios.git",
        "state": {
          "branch": null,
          "revision": "cd9238e7800ead2a120e81291bbbf5c0012131c8",
          "version": "1.8.0"
        }
      },
      {
        "package": "SnapshotTesting",
        "repositoryURL": "https://github.com/pointfreeco/swift-snapshot-testing.git",
        "state": {
          "branch": null,
          "revision": "f8a9c997c3c1dab4e216a8ec9014e23144cbab37",
          "version": "1.9.0"
        }
      }
    ]
  },
  "version": 1
}
